
Microsoft Visual Studio Solution File, Format Version 12.00
# Visual Studio Version 16
VisualStudioVersion = 16.0.30114.105
MinimumVisualStudioVersion = 10.0.40219.1
Project("{FAE04EC0-301F-11D3-BF4B-00C04F79EFBC}") = "AuthIdentity.API", "AuthIdentity.API\AuthIdentity.API.csproj", "{32BE7F6F-0500-4531-8659-A61B20195DBD}"
EndProject
Project("{FAE04EC0-301F-11D3-BF4B-00C04F79EFBC}") = "AuthIdentity.Application", "AuthIdentity.Application\AuthIdentity.Application.csproj", "{BB21105D-7E4B-41C2-92F0-674616C86A7F}"
EndProject
Project("{FAE04EC0-301F-11D3-BF4B-00C04F79EFBC}") = "AuthIdentity.Domain", "AuthIdentity.Domain\AuthIdentity.Domain.csproj", "{8A60FBAA-2DA2-4539-9C4B-442ED81A7FE8}"
EndProject
Project("{FAE04EC0-301F-11D3-BF4B-00C04F79EFBC}") = "AuthIdentity.Persistence", "AuthIdentity.Persistence\AuthIdentity.Persistence.csproj", "{2469FA7F-C40B-4498-8AF3-29FD42784D11}"
EndProject
Global
	GlobalSection(SolutionConfigurationPlatforms) = preSolution
		Debug|Any CPU = Debug|Any CPU
		Debug|x64 = Debug|x64
		Debug|x86 = Debug|x86
		Release|Any CPU = Release|Any CPU
		Release|x64 = Release|x64
		Release|x86 = Release|x86
	EndGlobalSection
	GlobalSection(SolutionProperties) = preSolution
		HideSolutionNode = FALSE
	EndGlobalSection
	GlobalSection(ProjectConfigurationPlatforms) = postSolution
		{32BE7F6F-0500-4531-8659-A61B20195DBD}.Debug|Any CPU.ActiveCfg = Debug|Any CPU
		{32BE7F6F-0500-4531-8659-A61B20195DBD}.Debug|Any CPU.Build.0 = Debug|Any CPU
		{32BE7F6F-0500-4531-8659-A61B20195DBD}.Debug|x64.ActiveCfg = Debug|Any CPU
		{32BE7F6F-0500-4531-8659-A61B20195DBD}.Debug|x64.Build.0 = Debug|Any CPU
		{32BE7F6F-0500-4531-8659-A61B20195DBD}.Debug|x86.ActiveCfg = Debug|Any CPU
		{32BE7F6F-0500-4531-8659-A61B20195DBD}.Debug|x86.Build.0 = Debug|Any CPU
		{32BE7F6F-0500-4531-8659-A61B20195DBD}.Release|Any CPU.ActiveCfg = Release|Any CPU
		{32BE7F6F-0500-4531-8659-A61B20195DBD}.Release|Any CPU.Build.0 = Release|Any CPU
		{32BE7F6F-0500-4531-8659-A61B20195DBD}.Release|x64.ActiveCfg = Release|Any CPU
		{32BE7F6F-0500-4531-8659-A61B20195DBD}.Release|x64.Build.0 = Release|Any CPU
		{32BE7F6F-0500-4531-8659-A61B20195DBD}.Release|x86.ActiveCfg = Release|Any CPU
		{32BE7F6F-0500-4531-8659-A61B20195DBD}.Release|x86.Build.0 = Release|Any CPU
		{BB21105D-7E4B-41C2-92F0-674616C86A7F}.Debug|Any CPU.ActiveCfg = Debug|Any CPU
		{BB21105D-7E4B-41C2-92F0-674616C86A7F}.Debug|Any CPU.Build.0 = Debug|Any CPU
		{BB21105D-7E4B-41C2-92F0-674616C86A7F}.Debug|x64.ActiveCfg = Debug|Any CPU
		{BB21105D-7E4B-41C2-92F0-674616C86A7F}.Debug|x64.Build.0 = Debug|Any CPU
		{BB21105D-7E4B-41C2-92F0-674616C86A7F}.Debug|x86.ActiveCfg = Debug|Any CPU
		{BB21105D-7E4B-41C2-92F0-674616C86A7F}.Debug|x86.Build.0 = Debug|Any CPU
		{BB21105D-7E4B-41C2-92F0-674616C86A7F}.Release|Any CPU.ActiveCfg = Release|Any CPU
		{BB21105D-7E4B-41C2-92F0-674616C86A7F}.Release|Any CPU.Build.0 = Release|Any CPU
		{BB21105D-7E4B-41C2-92F0-674616C86A7F}.Release|x64.ActiveCfg = Release|Any CPU
		{BB21105D-7E4B-41C2-92F0-674616C86A7F}.Release|x64.Build.0 = Release|Any CPU
		{BB21105D-7E4B-41C2-92F0-674616C86A7F}.Release|x86.ActiveCfg = Release|Any CPU
		{BB21105D-7E4B-41C2-92F0-674616C86A7F}.Release|x86.Build.0 = Release|Any CPU
		{8A60FBAA-2DA2-4539-9C4B-442ED81A7FE8}.Debug|Any CPU.ActiveCfg = Debug|Any CPU
		{8A60FBAA-2DA2-4539-9C4B-442ED81A7FE8}.Debug|Any CPU.Build.0 = Debug|Any CPU
		{8A60FBAA-2DA2-4539-9C4B-442ED81A7FE8}.Debug|x64.ActiveCfg = Debug|Any CPU
		{8A60FBAA-2DA2-4539-9C4B-442ED81A7FE8}.Debug|x64.Build.0 = Debug|Any CPU
		{8A60FBAA-2DA2-4539-9C4B-442ED81A7FE8}.Debug|x86.ActiveCfg = Debug|Any CPU
		{8A60FBAA-2DA2-4539-9C4B-442ED81A7FE8}.Debug|x86.Build.0 = Debug|Any CPU
		{8A60FBAA-2DA2-4539-9C4B-442ED81A7FE8}.Release|Any CPU.ActiveCfg = Release|Any CPU
		{8A60FBAA-2DA2-4539-9C4B-442ED81A7FE8}.Release|Any CPU.Build.0 = Release|Any CPU
		{8A60FBAA-2DA2-4539-9C4B-442ED81A7FE8}.Release|x64.ActiveCfg = Release|Any CPU
		{8A60FBAA-2DA2-4539-9C4B-442ED81A7FE8}.Release|x64.Build.0 = Release|Any CPU
		{8A60FBAA-2DA2-4539-9C4B-442ED81A7FE8}.Release|x86.ActiveCfg = Release|Any CPU
		{8A60FBAA-2DA2-4539-9C4B-442ED81A7FE8}.Release|x86.Build.0 = Release|Any CPU
		{2469FA7F-C40B-4498-8AF3-29FD42784D11}.Debug|Any CPU.ActiveCfg = Debug|Any CPU
		{2469FA7F-C40B-4498-8AF3-29FD42784D11}.Debug|Any CPU.Build.0 = Debug|Any CPU
		{2469FA7F-C40B-4498-8AF3-29FD42784D11}.Debug|x64.ActiveCfg = Debug|Any CPU
		{2469FA7F-C40B-4498-8AF3-29FD42784D11}.Debug|x64.Build.0 = Debug|Any CPU
		{2469FA7F-C40B-4498-8AF3-29FD42784D11}.Debug|x86.ActiveCfg = Debug|Any CPU
		{2469FA7F-C40B-4498-8AF3-29FD42784D11}.Debug|x86.Build.0 = Debug|Any CPU
		{2469FA7F-C40B-4498-8AF3-29FD42784D11}.Release|Any CPU.ActiveCfg = Release|Any CPU
		{2469FA7F-C40B-4498-8AF3-29FD42784D11}.Release|Any CPU.Build.0 = Release|Any CPU
		{2469FA7F-C40B-4498-8AF3-29FD42784D11}.Release|x64.ActiveCfg = Release|Any CPU
		{2469FA7F-C40B-4498-8AF3-29FD42784D11}.Release|x64.Build.0 = Release|Any CPU
		{2469FA7F-C40B-4498-8AF3-29FD42784D11}.Release|x86.ActiveCfg = Release|Any CPU
		{2469FA7F-C40B-4498-8AF3-29FD42784D11}.Release|x86.Build.0 = Release|Any CPU
	EndGlobalSection
EndGlobal
